
Microsoft Visual Studio Solution File, Format Version 12.00
# Visual Studio 2013
VisualStudioVersion = 12.0.40629.0
MinimumVisualStudioVersion = 10.0.40219.1
Project("{FAE04EC0-301F-11D3-BF4B-00C04F79EFBC}") = "Project.DB", "Project.DB\Project.DB.csproj", "{7B065BE1-42CD-456D-AB0C-CCDFE76054D1}"
EndProject
Project("{FAE04EC0-301F-11D3-BF4B-00C04F79EFBC}") = "Project.Logic", "Project.Logic\Project.Logic.csproj", "{5870DA9E-94CD-4142-B7EE-1FBF8910F4E8}"
EndProject
Project("{FAE04EC0-301F-11D3-BF4B-00C04F79EFBC}") = "Project.Web", "Project.Web\Project.Web.csproj", "{35E49EFE-27CD-4F58-8679-130ED4124413}"
EndProject
Global
	GlobalSection(SolutionConfigurationPlatforms) = preSolution
		Debug|Any CPU = Debug|Any CPU
		Release|Any CPU = Release|Any CPU
	EndGlobalSection
	GlobalSection(ProjectConfigurationPlatforms) = postSolution
		{7B065BE1-42CD-456D-AB0C-CCDFE76054D1}.Debug|Any CPU.ActiveCfg = Debug|Any CPU
		{7B065BE1-42CD-456D-AB0C-CCDFE76054D1}.Debug|Any CPU.Build.0 = Debug|Any CPU
		{7B065BE1-42CD-456D-AB0C-CCDFE76054D1}.Release|Any CPU.ActiveCfg = Release|Any CPU
		{7B065BE1-42CD-456D-AB0C-CCDFE76054D1}.Release|Any CPU.Build.0 = Release|Any CPU
		{5870DA9E-94CD-4142-B7EE-1FBF8910F4E8}.Debug|Any CPU.ActiveCfg = Debug|Any CPU
		{5870DA9E-94CD-4142-B7EE-1FBF8910F4E8}.Debug|Any CPU.Build.0 = Debug|Any CPU
		{5870DA9E-94CD-4142-B7EE-1FBF8910F4E8}.Release|Any CPU.ActiveCfg = Release|Any CPU
		{5870DA9E-94CD-4142-B7EE-1FBF8910F4E8}.Release|Any CPU.Build.0 = Release|Any CPU
		{35E49EFE-27CD-4F58-8679-130ED4124413}.Debug|Any CPU.ActiveCfg = Debug|Any CPU
		{35E49EFE-27CD-4F58-8679-130ED4124413}.Debug|Any CPU.Build.0 = Debug|Any CPU
		{35E49EFE-27CD-4F58-8679-130ED4124413}.Release|Any CPU.ActiveCfg = Release|Any CPU
		{35E49EFE-27CD-4F58-8679-130ED4124413}.Release|Any CPU.Build.0 = Release|Any CPU
	EndGlobalSection
	GlobalSection(SolutionProperties) = preSolution
		HideSolutionNode = FALSE
	EndGlobalSection
EndGlobal
